// !$*UTF8*$!
{
	archiveVersion = 1;
	classes = {
	};
	objectVersion = 46;
	objects = {

/* Begin PBXBuildFile section */
		1AC6FB2E180E99EB004C840B /* libbox2d iOS.a in Frameworks */ = {isa = PBXBuildFile; fileRef = 1AC6FB0D180E9839004C840B /* libbox2d iOS.a */; };
		1AC6FB2F180E99EB004C840B /* libchipmunk iOS.a in Frameworks */ = {isa = PBXBuildFile; fileRef = 1AC6FB0B180E9839004C840B /* libchipmunk iOS.a */; };
		1AC6FB30180E99EB004C840B /* libcocos2dx iOS.a in Frameworks */ = {isa = PBXBuildFile; fileRef = 1AC6FB07180E9839004C840B /* libcocos2dx iOS.a */; };
		1AC6FB31180E99EB004C840B /* libcocos2dx-extensions iOS.a in Frameworks */ = {isa = PBXBuildFile; fileRef = 1AC6FB09180E9839004C840B /* libcocos2dx-extensions iOS.a */; };
		1AC6FB32180E99EB004C840B /* libCocosDenshion iOS.a in Frameworks */ = {isa = PBXBuildFile; fileRef = 1AC6FB0F180E9839004C840B /* libCocosDenshion iOS.a */; };
		1AFAF8B716D35DE700DB1158 /* AppDelegate.cpp in Sources */ = {isa = PBXBuildFile; fileRef = 1AFAF8B316D35DE700DB1158 /* AppDelegate.cpp */; };
		1AFAF8B816D35DE700DB1158 /* MenuScene.cpp in Sources */ = {isa = PBXBuildFile; fileRef = 1AFAF8B516D35DE700DB1158 /* MenuScene.cpp */; };
		1D60589F0D05DD5A006BFB54 /* Foundation.framework in Frameworks */ = {isa = PBXBuildFile; fileRef = 1D30AB110D05D00D00671497 /* Foundation.framework */; };
		1DF5F4E00D08C38300B7A737 /* UIKit.framework in Frameworks */ = {isa = PBXBuildFile; fileRef = 1DF5F4DF0D08C38300B7A737 /* UIKit.framework */; };
		288765A50DF7441C002DB57D /* CoreGraphics.framework in Frameworks */ = {isa = PBXBuildFile; fileRef = 288765A40DF7441C002DB57D /* CoreGraphics.framework */; };
		503AE10017EB989F00D1A890 /* AppController.mm in Sources */ = {isa = PBXBuildFile; fileRef = 503AE0FB17EB989F00D1A890 /* AppController.mm */; };
		503AE10117EB989F00D1A890 /* main.m in Sources */ = {isa = PBXBuildFile; fileRef = 503AE0FC17EB989F00D1A890 /* main.m */; };
		503AE10217EB989F00D1A890 /* RootViewController.mm in Sources */ = {isa = PBXBuildFile; fileRef = 503AE0FF17EB989F00D1A890 /* RootViewController.mm */; };
		B607D18219875BE7000AFA9C /* PlayerModel.cpp in Sources */ = {isa = PBXBuildFile; fileRef = B607D18119875BE7000AFA9C /* PlayerModel.cpp */; };
		B607D18519875EF8000AFA9C /* PlayerStatsModel.cpp in Sources */ = {isa = PBXBuildFile; fileRef = B607D18419875EF8000AFA9C /* PlayerStatsModel.cpp */; };
		B607D1881987661B000AFA9C /* SqlHelper.cpp in Sources */ = {isa = PBXBuildFile; fileRef = B607D1871987661B000AFA9C /* SqlHelper.cpp */; };
		B607D18B19878BCA000AFA9C /* TimeHelper.cpp in Sources */ = {isa = PBXBuildFile; fileRef = B607D18A19878BCA000AFA9C /* TimeHelper.cpp */; };
		B6A84C5819920E5600339B0B /* subjectBlockClassModel.cpp in Sources */ = {isa = PBXBuildFile; fileRef = B6A84C5419920E5600339B0B /* subjectBlockClassModel.cpp */; };
		B6A84C5919920E5600339B0B /* timeTableClassModel.cpp in Sources */ = {isa = PBXBuildFile; fileRef = B6A84C5619920E5600339B0B /* timeTableClassModel.cpp */; };
		B9AC20861990D9FC0067A5FE /* sqlite3.c in Sources */ = {isa = PBXBuildFile; fileRef = B9AC20851990D9FC0067A5FE /* sqlite3.c */; };
		BF171245129291EC00B8313A /* OpenGLES.framework in Frameworks */ = {isa = PBXBuildFile; fileRef = BF170DB012928DE900B8313A /* OpenGLES.framework */; };
		BF1712471292920000B8313A /* libz.dylib in Frameworks */ = {isa = PBXBuildFile; fileRef = BF170DB412928DE900B8313A /* libz.dylib */; };
		BF1C47F01293687400B63C5D /* QuartzCore.framework in Frameworks */ = {isa = PBXBuildFile; fileRef = BF1C47EA1293683800B63C5D /* QuartzCore.framework */; };
		D036429A199C285000ECA5DA /* options-back.png in Resources */ = {isa = PBXBuildFile; fileRef = D0364295199C285000ECA5DA /* options-back.png */; };
		D036429B199C285000ECA5DA /* options-bg.png in Resources */ = {isa = PBXBuildFile; fileRef = D0364296199C285000ECA5DA /* options-bg.png */; };
		D036429C199C285000ECA5DA /* options-border.png in Resources */ = {isa = PBXBuildFile; fileRef = D0364297199C285000ECA5DA /* options-border.png */; };
		D036429D199C285000ECA5DA /* options-title.png in Resources */ = {isa = PBXBuildFile; fileRef = D0364298199C285000ECA5DA /* options-title.png */; };
		D036429E199C285000ECA5DA /* slider.png in Resources */ = {isa = PBXBuildFile; fileRef = D0364299199C285000ECA5DA /* slider.png */; };
		D03642B7199C288600ECA5DA /* background.png in Resources */ = {isa = PBXBuildFile; fileRef = D03642AF199C288600ECA5DA /* background.png */; };
		D03642B8199C288600ECA5DA /* load_game_off.png in Resources */ = {isa = PBXBuildFile; fileRef = D03642B0199C288600ECA5DA /* load_game_off.png */; };
		D03642B9199C288600ECA5DA /* load_game_on.png in Resources */ = {isa = PBXBuildFile; fileRef = D03642B1199C288600ECA5DA /* load_game_on.png */; };
		D03642BA199C288600ECA5DA /* new_game_off.png in Resources */ = {isa = PBXBuildFile; fileRef = D03642B2199C288600ECA5DA /* new_game_off.png */; };
		D03642BB199C288600ECA5DA /* new_game_on.png in Resources */ = {isa = PBXBuildFile; fileRef = D03642B3199C288600ECA5DA /* new_game_on.png */; };
		D03642BC199C288600ECA5DA /* options_off.png in Resources */ = {isa = PBXBuildFile; fileRef = D03642B4199C288600ECA5DA /* options_off.png */; };
		D03642BD199C288600ECA5DA /* options_on.png in Resources */ = {isa = PBXBuildFile; fileRef = D03642B5199C288600ECA5DA /* options_on.png */; };
		D03642BE199C288600ECA5DA /* title.png in Resources */ = {isa = PBXBuildFile; fileRef = D03642B6199C288600ECA5DA /* title.png */; };
		D03642C3199C290B00ECA5DA /* AppIcon60x60@2x[1].png in Resources */ = {isa = PBXBuildFile; fileRef = D03642BF199C290B00ECA5DA /* AppIcon60x60@2x[1].png */; };
		D03642C4199C290B00ECA5DA /* Icon-57.png in Resources */ = {isa = PBXBuildFile; fileRef = D03642C0199C290B00ECA5DA /* Icon-57.png */; };
		D03642C5199C290B00ECA5DA /* Icon-57@2x.png in Resources */ = {isa = PBXBuildFile; fileRef = D03642C1199C290B00ECA5DA /* Icon-57@2x.png */; };
		D03642C6199C290B00ECA5DA /* Icon-57@2x~iphone.png in Resources */ = {isa = PBXBuildFile; fileRef = D03642C2199C290B00ECA5DA /* Icon-57@2x~iphone.png */; };
		D03642CF199C2FB700ECA5DA /* dorm-background.png in Resources */ = {isa = PBXBuildFile; fileRef = D03642C8199C2FB700ECA5DA /* dorm-background.png */; };
		D03642D0199C2FB700ECA5DA /* dorm-bed.png in Resources */ = {isa = PBXBuildFile; fileRef = D03642C9199C2FB700ECA5DA /* dorm-bed.png */; };
		D03642D1199C2FB700ECA5DA /* dorm-book_shelf.png in Resources */ = {isa = PBXBuildFile; fileRef = D03642CA199C2FB700ECA5DA /* dorm-book_shelf.png */; };
		D03642D2199C2FB700ECA5DA /* dorm-computer.png in Resources */ = {isa = PBXBuildFile; fileRef = D03642CB199C2FB700ECA5DA /* dorm-computer.png */; };
		D03642D3199C2FB700ECA5DA /* dorm-desk.png in Resources */ = {isa = PBXBuildFile; fileRef = D03642CC199C2FB700ECA5DA /* dorm-desk.png */; };
		D03642D4199C2FB700ECA5DA /* dorm-door.png in Resources */ = {isa = PBXBuildFile; fileRef = D03642CD199C2FB700ECA5DA /* dorm-door.png */; };
		D03642D5199C2FB700ECA5DA /* dorm-stool.png in Resources */ = {isa = PBXBuildFile; fileRef = D03642CE199C2FB700ECA5DA /* dorm-stool.png */; };
		D03642D8199C305900ECA5DA /* DormScene.cpp in Sources */ = {isa = PBXBuildFile; fileRef = D03642D7199C305900ECA5DA /* DormScene.cpp */; };
		D03642DC199C31DB00ECA5DA /* DormController.cpp in Sources */ = {isa = PBXBuildFile; fileRef = D03642DB199C31DB00ECA5DA /* DormController.cpp */; };
		D03642E8199C4DE100ECA5DA /* MapScene.cpp in Sources */ = {isa = PBXBuildFile; fileRef = D03642E7199C4DE100ECA5DA /* MapScene.cpp */; };
		D03642EC199C4E1400ECA5DA /* MapController.cpp in Sources */ = {isa = PBXBuildFile; fileRef = D03642EB199C4E1400ECA5DA /* MapController.cpp */; };
		D03642FA199C51A500ECA5DA /* map-art.png in Resources */ = {isa = PBXBuildFile; fileRef = D03642EF199C51A500ECA5DA /* map-art.png */; };
		D03642FB199C51A500ECA5DA /* map-business.png in Resources */ = {isa = PBXBuildFile; fileRef = D03642F0199C51A500ECA5DA /* map-business.png */; };
		D03642FC199C51A500ECA5DA /* map-computing_engineering.png in Resources */ = {isa = PBXBuildFile; fileRef = D03642F1199C51A500ECA5DA /* map-computing_engineering.png */; };
		D03642FD199C51A500ECA5DA /* map-library.png in Resources */ = {isa = PBXBuildFile; fileRef = D03642F2199C51A500ECA5DA /* map-library.png */; };
		D03642FE199C51A500ECA5DA /* map_background.png in Resources */ = {isa = PBXBuildFile; fileRef = D03642F3199C51A500ECA5DA /* map_background.png */; };
		D03642FF199C51A500ECA5DA /* map-science_medicine.png in Resources */ = {isa = PBXBuildFile; fileRef = D03642F4199C51A500ECA5DA /* map-science_medicine.png */; };
		D0364300199C51A500ECA5DA /* map-shop.png in Resources */ = {isa = PBXBuildFile; fileRef = D03642F5199C51A500ECA5DA /* map-shop.png */; };
		D0364301199C51A500ECA5DA /* map-social_science.png in Resources */ = {isa = PBXBuildFile; fileRef = D03642F6199C51A500ECA5DA /* map-social_science.png */; };
		D0364302199C51A500ECA5DA /* map-sun.png in Resources */ = {isa = PBXBuildFile; fileRef = D03642F7199C51A500ECA5DA /* map-sun.png */; };
		D0364303199C51A500ECA5DA /* map-tavern.png in Resources */ = {isa = PBXBuildFile; fileRef = D03642F8199C51A500ECA5DA /* map-tavern.png */; };
		D0364304199C51A500ECA5DA /* map-uni_centre.png in Resources */ = {isa = PBXBuildFile; fileRef = D03642F9199C51A500ECA5DA /* map-uni_centre.png */; };
		D0364308199C52A000ECA5DA /* bill_inside.png in Resources */ = {isa = PBXBuildFile; fileRef = D0364306199C52A000ECA5DA /* bill_inside.png */; };
		D0364309199C52A000ECA5DA /* bill_outside.png in Resources */ = {isa = PBXBuildFile; fileRef = D0364307199C52A000ECA5DA /* bill_outside.png */; };
		D0DF6FCC1999B13900C96742 /* Images.xcassets in Resources */ = {isa = PBXBuildFile; fileRef = D0DF6FCB1999B13900C96742 /* Images.xcassets */; };
		D0DF70321999DFB900C96742 /* MenuController.cpp in Sources */ = {isa = PBXBuildFile; fileRef = D0DF70311999DFB900C96742 /* MenuController.cpp */; };
		D0DF70491999E92200C96742 /* MenuOptionScene.cpp in Sources */ = {isa = PBXBuildFile; fileRef = D0DF70481999E92200C96742 /* MenuOptionScene.cpp */; };
		D0DF704D1999ED9600C96742 /* MenuOptionController.cpp in Sources */ = {isa = PBXBuildFile; fileRef = D0DF704C1999ED9600C96742 /* MenuOptionController.cpp */; };
		D0DF70521999F6BD00C96742 /* MenuLoadController.cpp in Sources */ = {isa = PBXBuildFile; fileRef = D0DF70511999F6BD00C96742 /* MenuLoadController.cpp */; };
		D0DF70561999F74800C96742 /* MenuLoadScene.cpp in Sources */ = {isa = PBXBuildFile; fileRef = D0DF70551999F74800C96742 /* MenuLoadScene.cpp */; };
		D44C620C132DFF330009C878 /* OpenAL.framework in Frameworks */ = {isa = PBXBuildFile; fileRef = D44C620B132DFF330009C878 /* OpenAL.framework */; };
		D44C620E132DFF430009C878 /* AVFoundation.framework in Frameworks */ = {isa = PBXBuildFile; fileRef = D44C620D132DFF430009C878 /* AVFoundation.framework */; };
		D44C6210132DFF4E0009C878 /* AudioToolbox.framework in Frameworks */ = {isa = PBXBuildFile; fileRef = D44C620F132DFF4E0009C878 /* AudioToolbox.framework */; };
		D6B0611B1803AB670077942B /* CoreMotion.framework in Frameworks */ = {isa = PBXBuildFile; fileRef = D6B0611A1803AB670077942B /* CoreMotion.framework */; };
/* End PBXBuildFile section */

/* Begin PBXContainerItemProxy section */
		1AC6FAF8180E9839004C840B /* PBXContainerItemProxy */ = {
			isa = PBXContainerItemProxy;
			containerPortal = 1AC6FAE5180E9839004C840B /* cocos2d_libs.xcodeproj */;
			proxyType = 2;
			remoteGlobalIDString = 1551A33F158F2AB200E66CFE;
			remoteInfo = "cocos2dx Mac";
		};
		1AC6FAFA180E9839004C840B /* PBXContainerItemProxy */ = {
			isa = PBXContainerItemProxy;
			containerPortal = 1AC6FAE5180E9839004C840B /* cocos2d_libs.xcodeproj */;
			proxyType = 2;
			remoteGlobalIDString = A03F2FD617814595006731B9;
			remoteInfo = "cocos2dx-extensions Mac";
		};
		1AC6FAFC180E9839004C840B /* PBXContainerItemProxy */ = {
			isa = PBXContainerItemProxy;
			containerPortal = 1AC6FAE5180E9839004C840B /* cocos2d_libs.xcodeproj */;
			proxyType = 2;
			remoteGlobalIDString = A03F2CB81780BD04006731B9;
			remoteInfo = "chipmunk Mac";
		};
		1AC6FAFE180E9839004C840B /* PBXContainerItemProxy */ = {
			isa = PBXContainerItemProxy;
			containerPortal = 1AC6FAE5180E9839004C840B /* cocos2d_libs.xcodeproj */;
			proxyType = 2;
			remoteGlobalIDString = A03F2D9B1780BDF7006731B9;
			remoteInfo = "box2d Mac";
		};
		1AC6FB00180E9839004C840B /* PBXContainerItemProxy */ = {
			isa = PBXContainerItemProxy;
			containerPortal = 1AC6FAE5180E9839004C840B /* cocos2d_libs.xcodeproj */;
			proxyType = 2;
			remoteGlobalIDString = A03F2ED617814268006731B9;
			remoteInfo = "CocosDenshion Mac";
		};
		1AC6FB06180E9839004C840B /* PBXContainerItemProxy */ = {
			isa = PBXContainerItemProxy;
			containerPortal = 1AC6FAE5180E9839004C840B /* cocos2d_libs.xcodeproj */;
			proxyType = 2;
			remoteGlobalIDString = A07A4D641783777C0073F6A7;
			remoteInfo = "cocos2dx iOS";
		};
		1AC6FB08180E9839004C840B /* PBXContainerItemProxy */ = {
			isa = PBXContainerItemProxy;
			containerPortal = 1AC6FAE5180E9839004C840B /* cocos2d_libs.xcodeproj */;
			proxyType = 2;
			remoteGlobalIDString = A07A4EFC1783867C0073F6A7;
			remoteInfo = "cocos2dx-extensions iOS";
		};
		1AC6FB0A180E9839004C840B /* PBXContainerItemProxy */ = {
			isa = PBXContainerItemProxy;
			containerPortal = 1AC6FAE5180E9839004C840B /* cocos2d_libs.xcodeproj */;
			proxyType = 2;
			remoteGlobalIDString = A07A4F3B178387670073F6A7;
			remoteInfo = "chipmunk iOS";
		};
		1AC6FB0C180E9839004C840B /* PBXContainerItemProxy */ = {
			isa = PBXContainerItemProxy;
			containerPortal = 1AC6FAE5180E9839004C840B /* cocos2d_libs.xcodeproj */;
			proxyType = 2;
			remoteGlobalIDString = A07A4F9E1783876B0073F6A7;
			remoteInfo = "box2d iOS";
		};
		1AC6FB0E180E9839004C840B /* PBXContainerItemProxy */ = {
			isa = PBXContainerItemProxy;
			containerPortal = 1AC6FAE5180E9839004C840B /* cocos2d_libs.xcodeproj */;
			proxyType = 2;
			remoteGlobalIDString = A07A4FB4178387730073F6A7;
			remoteInfo = "CocosDenshion iOS";
		};
		1AC6FB24180E99E1004C840B /* PBXContainerItemProxy */ = {
			isa = PBXContainerItemProxy;
			containerPortal = 1AC6FAE5180E9839004C840B /* cocos2d_libs.xcodeproj */;
			proxyType = 1;
			remoteGlobalIDString = A07A4C241783777C0073F6A7;
			remoteInfo = "cocos2dx iOS";
		};
		1AC6FB26180E99E1004C840B /* PBXContainerItemProxy */ = {
			isa = PBXContainerItemProxy;
			containerPortal = 1AC6FAE5180E9839004C840B /* cocos2d_libs.xcodeproj */;
			proxyType = 1;
			remoteGlobalIDString = A07A4E111783867C0073F6A7;
			remoteInfo = "cocos2dx-extensions iOS";
		};
		1AC6FB28180E99E1004C840B /* PBXContainerItemProxy */ = {
			isa = PBXContainerItemProxy;
			containerPortal = 1AC6FAE5180E9839004C840B /* cocos2d_libs.xcodeproj */;
			proxyType = 1;
			remoteGlobalIDString = A07A4EFD178387670073F6A7;
			remoteInfo = "chipmunk iOS";
		};
		1AC6FB2A180E99E1004C840B /* PBXContainerItemProxy */ = {
			isa = PBXContainerItemProxy;
			containerPortal = 1AC6FAE5180E9839004C840B /* cocos2d_libs.xcodeproj */;
			proxyType = 1;
			remoteGlobalIDString = A07A4F3C1783876B0073F6A7;
			remoteInfo = "box2d iOS";
		};
		1AC6FB2C180E99E1004C840B /* PBXContainerItemProxy */ = {
			isa = PBXContainerItemProxy;
			containerPortal = 1AC6FAE5180E9839004C840B /* cocos2d_libs.xcodeproj */;
			proxyType = 1;
			remoteGlobalIDString = A07A4F9F178387730073F6A7;
			remoteInfo = "CocosDenshion iOS";
		};
/* End PBXContainerItemProxy section */

/* Begin PBXFileReference section */
		1AC6FAE5180E9839004C840B /* cocos2d_libs.xcodeproj */ = {isa = PBXFileReference; lastKnownFileType = "wrapper.pb-project"; name = cocos2d_libs.xcodeproj; path = ../cocos2d/build/cocos2d_libs.xcodeproj; sourceTree = "<group>"; };
		1ACB3243164770DE00914215 /* libcurl.a */ = {isa = PBXFileReference; lastKnownFileType = archive.ar; name = libcurl.a; path = ../../cocos2dx/platform/third_party/ios/libraries/libcurl.a; sourceTree = "<group>"; };
		1AFAF8B316D35DE700DB1158 /* AppDelegate.cpp */ = {isa = PBXFileReference; fileEncoding = 4; lastKnownFileType = sourcecode.cpp.cpp; name = AppDelegate.cpp; path = ../Classes/AppDelegate.cpp; sourceTree = "<group>"; };
		1AFAF8B416D35DE700DB1158 /* AppDelegate.h */ = {isa = PBXFileReference; fileEncoding = 4; lastKnownFileType = sourcecode.c.h; name = AppDelegate.h; path = ../Classes/AppDelegate.h; sourceTree = "<group>"; };
		1AFAF8B516D35DE700DB1158 /* MenuScene.cpp */ = {isa = PBXFileReference; fileEncoding = 4; lastKnownFileType = sourcecode.cpp.cpp; name = MenuScene.cpp; path = ../Classes/MenuScene.cpp; sourceTree = "<group>"; };
		1AFAF8B616D35DE700DB1158 /* MenuScene.h */ = {isa = PBXFileReference; fileEncoding = 4; lastKnownFileType = sourcecode.c.h; name = MenuScene.h; path = ../Classes/MenuScene.h; sourceTree = "<group>"; };
		1D30AB110D05D00D00671497 /* Foundation.framework */ = {isa = PBXFileReference; lastKnownFileType = wrapper.framework; name = Foundation.framework; path = System/Library/Frameworks/Foundation.framework; sourceTree = SDKROOT; };
		1D6058910D05DD3D006BFB54 /* UniLife.app */ = {isa = PBXFileReference; explicitFileType = wrapper.application; includeInIndex = 0; path = UniLife.app; sourceTree = BUILT_PRODUCTS_DIR; };
		1DF5F4DF0D08C38300B7A737 /* UIKit.framework */ = {isa = PBXFileReference; lastKnownFileType = wrapper.framework; name = UIKit.framework; path = System/Library/Frameworks/UIKit.framework; sourceTree = SDKROOT; };
		288765A40DF7441C002DB57D /* CoreGraphics.framework */ = {isa = PBXFileReference; lastKnownFileType = wrapper.framework; name = CoreGraphics.framework; path = System/Library/Frameworks/CoreGraphics.framework; sourceTree = SDKROOT; };
		503AE0F617EB97AB00D1A890 /* Icon.icns */ = {isa = PBXFileReference; lastKnownFileType = image.icns; path = Icon.icns; sourceTree = "<group>"; };
		503AE0F717EB97AB00D1A890 /* Info.plist */ = {isa = PBXFileReference; fileEncoding = 4; lastKnownFileType = text.plist.xml; path = Info.plist; sourceTree = "<group>"; };
		503AE0FA17EB989F00D1A890 /* AppController.h */ = {isa = PBXFileReference; fileEncoding = 4; lastKnownFileType = sourcecode.c.h; name = AppController.h; path = ios/AppController.h; sourceTree = SOURCE_ROOT; };
		503AE0FB17EB989F00D1A890 /* AppController.mm */ = {isa = PBXFileReference; fileEncoding = 4; lastKnownFileType = sourcecode.cpp.objcpp; name = AppController.mm; path = ios/AppController.mm; sourceTree = SOURCE_ROOT; };
		503AE0FC17EB989F00D1A890 /* main.m */ = {isa = PBXFileReference; fileEncoding = 4; lastKnownFileType = sourcecode.c.objc; name = main.m; path = ios/main.m; sourceTree = SOURCE_ROOT; };
		503AE0FD17EB989F00D1A890 /* Prefix.pch */ = {isa = PBXFileReference; fileEncoding = 4; lastKnownFileType = sourcecode.c.h; name = Prefix.pch; path = ios/Prefix.pch; sourceTree = SOURCE_ROOT; };
		503AE0FE17EB989F00D1A890 /* RootViewController.h */ = {isa = PBXFileReference; fileEncoding = 4; lastKnownFileType = sourcecode.c.h; name = RootViewController.h; path = ios/RootViewController.h; sourceTree = SOURCE_ROOT; };
		503AE0FF17EB989F00D1A890 /* RootViewController.mm */ = {isa = PBXFileReference; fileEncoding = 4; lastKnownFileType = sourcecode.cpp.objcpp; name = RootViewController.mm; path = ios/RootViewController.mm; sourceTree = SOURCE_ROOT; };
		503AE10317EB98FF00D1A890 /* main.cpp */ = {isa = PBXFileReference; fileEncoding = 4; lastKnownFileType = sourcecode.cpp.cpp; name = main.cpp; path = mac/main.cpp; sourceTree = "<group>"; };
		503AE10417EB98FF00D1A890 /* Prefix.pch */ = {isa = PBXFileReference; fileEncoding = 4; lastKnownFileType = sourcecode.c.h; name = Prefix.pch; path = mac/Prefix.pch; sourceTree = "<group>"; };
		503AE11117EB99EE00D1A890 /* libcurl.dylib */ = {isa = PBXFileReference; lastKnownFileType = "compiled.mach-o.dylib"; name = libcurl.dylib; path = usr/lib/libcurl.dylib; sourceTree = SDKROOT; };
		503AE11A17EB9C5A00D1A890 /* IOKit.framework */ = {isa = PBXFileReference; lastKnownFileType = wrapper.framework; name = IOKit.framework; path = System/Library/Frameworks/IOKit.framework; sourceTree = SDKROOT; };
		5087E77C17EB970100C73F5D /* Info.plist */ = {isa = PBXFileReference; fileEncoding = 4; lastKnownFileType = text.plist.xml; path = Info.plist; sourceTree = "<group>"; };
		5087E78817EB974C00C73F5D /* AppKit.framework */ = {isa = PBXFileReference; lastKnownFileType = wrapper.framework; name = AppKit.framework; path = System/Library/Frameworks/AppKit.framework; sourceTree = SDKROOT; };
		5087E78A17EB975400C73F5D /* OpenGL.framework */ = {isa = PBXFileReference; lastKnownFileType = wrapper.framework; name = OpenGL.framework; path = System/Library/Frameworks/OpenGL.framework; sourceTree = SDKROOT; };
		B607D18019875BD3000AFA9C /* PlayerModel.h */ = {isa = PBXFileReference; lastKnownFileType = sourcecode.c.h; name = PlayerModel.h; path = ../Classes/PlayerModel.h; sourceTree = "<group>"; };
		B607D18119875BE7000AFA9C /* PlayerModel.cpp */ = {isa = PBXFileReference; fileEncoding = 4; lastKnownFileType = sourcecode.cpp.cpp; name = PlayerModel.cpp; path = ../Classes/PlayerModel.cpp; sourceTree = "<group>"; };
		B607D18319875EEB000AFA9C /* PlayerStatsModel.h */ = {isa = PBXFileReference; lastKnownFileType = sourcecode.c.h; name = PlayerStatsModel.h; path = ../Classes/PlayerStatsModel.h; sourceTree = "<group>"; };
		B607D18419875EF8000AFA9C /* PlayerStatsModel.cpp */ = {isa = PBXFileReference; fileEncoding = 4; lastKnownFileType = sourcecode.cpp.cpp; name = PlayerStatsModel.cpp; path = ../Classes/PlayerStatsModel.cpp; sourceTree = "<group>"; };
		B607D1861987660F000AFA9C /* SqlHelper.h */ = {isa = PBXFileReference; lastKnownFileType = sourcecode.c.h; name = SqlHelper.h; path = ../Classes/SqlHelper.h; sourceTree = "<group>"; };
		B607D1871987661B000AFA9C /* SqlHelper.cpp */ = {isa = PBXFileReference; fileEncoding = 4; lastKnownFileType = sourcecode.cpp.cpp; name = SqlHelper.cpp; path = ../Classes/SqlHelper.cpp; sourceTree = "<group>"; };
		B607D18919878BBE000AFA9C /* TimeHelper.h */ = {isa = PBXFileReference; lastKnownFileType = sourcecode.c.h; name = TimeHelper.h; path = ../Classes/TimeHelper.h; sourceTree = "<group>"; };
		B607D18A19878BCA000AFA9C /* TimeHelper.cpp */ = {isa = PBXFileReference; fileEncoding = 4; lastKnownFileType = sourcecode.cpp.cpp; name = TimeHelper.cpp; path = ../Classes/TimeHelper.cpp; sourceTree = "<group>"; };
		B6A84C5419920E5600339B0B /* subjectBlockClassModel.cpp */ = {isa = PBXFileReference; fileEncoding = 4; lastKnownFileType = sourcecode.cpp.cpp; path = subjectBlockClassModel.cpp; sourceTree = "<group>"; };
		B6A84C5519920E5600339B0B /* subjectBlockClassModel.h */ = {isa = PBXFileReference; fileEncoding = 4; lastKnownFileType = sourcecode.c.h; path = subjectBlockClassModel.h; sourceTree = "<group>"; };
		B6A84C5619920E5600339B0B /* timeTableClassModel.cpp */ = {isa = PBXFileReference; fileEncoding = 4; lastKnownFileType = sourcecode.cpp.cpp; path = timeTableClassModel.cpp; sourceTree = "<group>"; };
		B6A84C5719920E5600339B0B /* timeTableClassModel.h */ = {isa = PBXFileReference; fileEncoding = 4; lastKnownFileType = sourcecode.c.h; path = timeTableClassModel.h; sourceTree = "<group>"; };
		B9AC20851990D9FC0067A5FE /* sqlite3.c */ = {isa = PBXFileReference; fileEncoding = 4; lastKnownFileType = sourcecode.c.c; name = sqlite3.c; path = ../Classes/sqlite3.c; sourceTree = "<group>"; };
		B9AC208E1990DA020067A5FE /* sqlite3.h */ = {isa = PBXFileReference; lastKnownFileType = sourcecode.c.h; name = sqlite3.h; path = ../Classes/sqlite3.h; sourceTree = "<group>"; };
		BF170DB012928DE900B8313A /* OpenGLES.framework */ = {isa = PBXFileReference; lastKnownFileType = wrapper.framework; name = OpenGLES.framework; path = System/Library/Frameworks/OpenGLES.framework; sourceTree = SDKROOT; };
		BF170DB412928DE900B8313A /* libz.dylib */ = {isa = PBXFileReference; lastKnownFileType = "compiled.mach-o.dylib"; name = libz.dylib; path = usr/lib/libz.dylib; sourceTree = SDKROOT; };
		BF1C47EA1293683800B63C5D /* QuartzCore.framework */ = {isa = PBXFileReference; lastKnownFileType = wrapper.framework; name = QuartzCore.framework; path = System/Library/Frameworks/QuartzCore.framework; sourceTree = SDKROOT; };
		D0364295199C285000ECA5DA /* options-back.png */ = {isa = PBXFileReference; lastKnownFileType = image.png; path = "options-back.png"; sourceTree = "<group>"; };
		D0364296199C285000ECA5DA /* options-bg.png */ = {isa = PBXFileReference; lastKnownFileType = image.png; path = "options-bg.png"; sourceTree = "<group>"; };
		D0364297199C285000ECA5DA /* options-border.png */ = {isa = PBXFileReference; lastKnownFileType = image.png; path = "options-border.png"; sourceTree = "<group>"; };
		D0364298199C285000ECA5DA /* options-title.png */ = {isa = PBXFileReference; lastKnownFileType = image.png; path = "options-title.png"; sourceTree = "<group>"; };
		D0364299199C285000ECA5DA /* slider.png */ = {isa = PBXFileReference; lastKnownFileType = image.png; path = slider.png; sourceTree = "<group>"; };
		D03642AF199C288600ECA5DA /* background.png */ = {isa = PBXFileReference; lastKnownFileType = image.png; path = background.png; sourceTree = "<group>"; };
		D03642B0199C288600ECA5DA /* load_game_off.png */ = {isa = PBXFileReference; lastKnownFileType = image.png; path = load_game_off.png; sourceTree = "<group>"; };
		D03642B1199C288600ECA5DA /* load_game_on.png */ = {isa = PBXFileReference; lastKnownFileType = image.png; path = load_game_on.png; sourceTree = "<group>"; };
		D03642B2199C288600ECA5DA /* new_game_off.png */ = {isa = PBXFileReference; lastKnownFileType = image.png; path = new_game_off.png; sourceTree = "<group>"; };
		D03642B3199C288600ECA5DA /* new_game_on.png */ = {isa = PBXFileReference; lastKnownFileType = image.png; path = new_game_on.png; sourceTree = "<group>"; };
		D03642B4199C288600ECA5DA /* options_off.png */ = {isa = PBXFileReference; lastKnownFileType = image.png; path = options_off.png; sourceTree = "<group>"; };
		D03642B5199C288600ECA5DA /* options_on.png */ = {isa = PBXFileReference; lastKnownFileType = image.png; path = options_on.png; sourceTree = "<group>"; };
		D03642B6199C288600ECA5DA /* title.png */ = {isa = PBXFileReference; lastKnownFileType = image.png; path = title.png; sourceTree = "<group>"; };
		D03642BF199C290B00ECA5DA /* AppIcon60x60@2x[1].png */ = {isa = PBXFileReference; lastKnownFileType = image.png; path = "AppIcon60x60@2x[1].png"; sourceTree = "<group>"; };
		D03642C0199C290B00ECA5DA /* Icon-57.png */ = {isa = PBXFileReference; lastKnownFileType = image.png; path = "Icon-57.png"; sourceTree = "<group>"; };
		D03642C1199C290B00ECA5DA /* Icon-57@2x.png */ = {isa = PBXFileReference; lastKnownFileType = image.png; path = "Icon-57@2x.png"; sourceTree = "<group>"; };
		D03642C2199C290B00ECA5DA /* Icon-57@2x~iphone.png */ = {isa = PBXFileReference; lastKnownFileType = image.png; path = "Icon-57@2x~iphone.png"; sourceTree = "<group>"; };
		D03642C8199C2FB700ECA5DA /* dorm-background.png */ = {isa = PBXFileReference; lastKnownFileType = image.png; path = "dorm-background.png"; sourceTree = "<group>"; };
		D03642C9199C2FB700ECA5DA /* dorm-bed.png */ = {isa = PBXFileReference; lastKnownFileType = image.png; path = "dorm-bed.png"; sourceTree = "<group>"; };
		D03642CA199C2FB700ECA5DA /* dorm-book_shelf.png */ = {isa = PBXFileReference; lastKnownFileType = image.png; path = "dorm-book_shelf.png"; sourceTree = "<group>"; };
		D03642CB199C2FB700ECA5DA /* dorm-computer.png */ = {isa = PBXFileReference; lastKnownFileType = image.png; path = "dorm-computer.png"; sourceTree = "<group>"; };
		D03642CC199C2FB700ECA5DA /* dorm-desk.png */ = {isa = PBXFileReference; lastKnownFileType = image.png; path = "dorm-desk.png"; sourceTree = "<group>"; };
		D03642CD199C2FB700ECA5DA /* dorm-door.png */ = {isa = PBXFileReference; lastKnownFileType = image.png; path = "dorm-door.png"; sourceTree = "<group>"; };
		D03642CE199C2FB700ECA5DA /* dorm-stool.png */ = {isa = PBXFileReference; lastKnownFileType = image.png; path = "dorm-stool.png"; sourceTree = "<group>"; };
		D03642D6199C304E00ECA5DA /* DormScene.h */ = {isa = PBXFileReference; lastKnownFileType = sourcecode.c.h; name = DormScene.h; path = ../Classes/DormScene.h; sourceTree = "<group>"; };
		D03642D7199C305900ECA5DA /* DormScene.cpp */ = {isa = PBXFileReference; fileEncoding = 4; lastKnownFileType = sourcecode.cpp.cpp; path = DormScene.cpp; sourceTree = "<group>"; };
		D03642DA199C31D100ECA5DA /* DormController.h */ = {isa = PBXFileReference; lastKnownFileType = sourcecode.c.h; path = DormController.h; sourceTree = "<group>"; };
		D03642DB199C31DB00ECA5DA /* DormController.cpp */ = {isa = PBXFileReference; fileEncoding = 4; lastKnownFileType = sourcecode.cpp.cpp; path = DormController.cpp; sourceTree = "<group>"; };
		D03642DF199C4DD700ECA5DA /* MapScene.h */ = {isa = PBXFileReference; lastKnownFileType = sourcecode.c.h; path = MapScene.h; sourceTree = "<group>"; };
		D03642E7199C4DE100ECA5DA /* MapScene.cpp */ = {isa = PBXFileReference; fileEncoding = 4; lastKnownFileType = sourcecode.cpp.cpp; path = MapScene.cpp; sourceTree = "<group>"; };
		D03642EA199C4E0300ECA5DA /* MapController.h */ = {isa = PBXFileReference; lastKnownFileType = sourcecode.c.h; path = MapController.h; sourceTree = "<group>"; };
		D03642EB199C4E1400ECA5DA /* MapController.cpp */ = {isa = PBXFileReference; fileEncoding = 4; lastKnownFileType = sourcecode.cpp.cpp; path = MapController.cpp; sourceTree = "<group>"; };
		D03642EF199C51A500ECA5DA /* map-art.png */ = {isa = PBXFileReference; lastKnownFileType = image.png; path = "map-art.png"; sourceTree = "<group>"; };
		D03642F0199C51A500ECA5DA /* map-business.png */ = {isa = PBXFileReference; lastKnownFileType = image.png; path = "map-business.png"; sourceTree = "<group>"; };
		D03642F1199C51A500ECA5DA /* map-computing_engineering.png */ = {isa = PBXFileReference; lastKnownFileType = image.png; path = "map-computing_engineering.png"; sourceTree = "<group>"; };
		D03642F2199C51A500ECA5DA /* map-library.png */ = {isa = PBXFileReference; lastKnownFileType = image.png; path = "map-library.png"; sourceTree = "<group>"; };
		D03642F3199C51A500ECA5DA /* map_background.png */ = {isa = PBXFileReference; lastKnownFileType = image.png; path = map_background.png; sourceTree = "<group>"; };
		D03642F4199C51A500ECA5DA /* map-science_medicine.png */ = {isa = PBXFileReference; lastKnownFileType = image.png; path = "map-science_medicine.png"; sourceTree = "<group>"; };
		D03642F5199C51A500ECA5DA /* map-shop.png */ = {isa = PBXFileReference; lastKnownFileType = image.png; path = "map-shop.png"; sourceTree = "<group>"; };
		D03642F6199C51A500ECA5DA /* map-social_science.png */ = {isa = PBXFileReference; lastKnownFileType = image.png; path = "map-social_science.png"; sourceTree = "<group>"; };
		D03642F7199C51A500ECA5DA /* map-sun.png */ = {isa = PBXFileReference; lastKnownFileType = image.png; path = "map-sun.png"; sourceTree = "<group>"; };
		D03642F8199C51A500ECA5DA /* map-tavern.png */ = {isa = PBXFileReference; lastKnownFileType = image.png; path = "map-tavern.png"; sourceTree = "<group>"; };
		D03642F9199C51A500ECA5DA /* map-uni_centre.png */ = {isa = PBXFileReference; lastKnownFileType = image.png; path = "map-uni_centre.png"; sourceTree = "<group>"; };
		D0364306199C52A000ECA5DA /* bill_inside.png */ = {isa = PBXFileReference; lastKnownFileType = image.png; path = bill_inside.png; sourceTree = "<group>"; };
		D0364307199C52A000ECA5DA /* bill_outside.png */ = {isa = PBXFileReference; lastKnownFileType = image.png; path = bill_outside.png; sourceTree = "<group>"; };
		D0DF6FCB1999B13900C96742 /* Images.xcassets */ = {isa = PBXFileReference; lastKnownFileType = folder.assetcatalog; name = Images.xcassets; path = "UniLife iOS/Images.xcassets"; sourceTree = SOURCE_ROOT; };
		D0DF70301999DFAC00C96742 /* MenuController.h */ = {isa = PBXFileReference; lastKnownFileType = sourcecode.c.h; name = MenuController.h; path = ../Classes/MenuController.h; sourceTree = "<group>"; };
		D0DF70311999DFB900C96742 /* MenuController.cpp */ = {isa = PBXFileReference; fileEncoding = 4; lastKnownFileType = sourcecode.cpp.cpp; path = MenuController.cpp; sourceTree = "<group>"; };
		D0DF70471999E91400C96742 /* MenuOptionScene.h */ = {isa = PBXFileReference; lastKnownFileType = sourcecode.c.h; path = MenuOptionScene.h; sourceTree = "<group>"; };
		D0DF70481999E92200C96742 /* MenuOptionScene.cpp */ = {isa = PBXFileReference; fileEncoding = 4; lastKnownFileType = sourcecode.cpp.cpp; path = MenuOptionScene.cpp; sourceTree = "<group>"; };
		D0DF704B1999ED8700C96742 /* MenuOptionController.h */ = {isa = PBXFileReference; lastKnownFileType = sourcecode.c.h; path = MenuOptionController.h; sourceTree = "<group>"; };
		D0DF704C1999ED9600C96742 /* MenuOptionController.cpp */ = {isa = PBXFileReference; fileEncoding = 4; lastKnownFileType = sourcecode.cpp.cpp; path = MenuOptionController.cpp; sourceTree = "<group>"; };
		D0DF70501999F6B300C96742 /* MenuLoadController.h */ = {isa = PBXFileReference; lastKnownFileType = sourcecode.c.h; path = MenuLoadController.h; sourceTree = "<group>"; };
		D0DF70511999F6BD00C96742 /* MenuLoadController.cpp */ = {isa = PBXFileReference; fileEncoding = 4; lastKnownFileType = sourcecode.cpp.cpp; path = MenuLoadController.cpp; sourceTree = "<group>"; };
		D0DF70541999F73F00C96742 /* MenuLoadScene.h */ = {isa = PBXFileReference; lastKnownFileType = sourcecode.c.h; path = MenuLoadScene.h; sourceTree = "<group>"; };
		D0DF70551999F74800C96742 /* MenuLoadScene.cpp */ = {isa = PBXFileReference; fileEncoding = 4; lastKnownFileType = sourcecode.cpp.cpp; path = MenuLoadScene.cpp; sourceTree = "<group>"; };
		D44C620B132DFF330009C878 /* OpenAL.framework */ = {isa = PBXFileReference; lastKnownFileType = wrapper.framework; name = OpenAL.framework; path = System/Library/Frameworks/OpenAL.framework; sourceTree = SDKROOT; };
		D44C620D132DFF430009C878 /* AVFoundation.framework */ = {isa = PBXFileReference; lastKnownFileType = wrapper.framework; name = AVFoundation.framework; path = System/Library/Frameworks/AVFoundation.framework; sourceTree = SDKROOT; };
		D44C620F132DFF4E0009C878 /* AudioToolbox.framework */ = {isa = PBXFileReference; lastKnownFileType = wrapper.framework; name = AudioToolbox.framework; path = System/Library/Frameworks/AudioToolbox.framework; sourceTree = SDKROOT; };
		D6B0611A1803AB670077942B /* CoreMotion.framework */ = {isa = PBXFileReference; lastKnownFileType = wrapper.framework; name = CoreMotion.framework; path = Platforms/iPhoneOS.platform/Developer/SDKs/iPhoneOS7.0.sdk/System/Library/Frameworks/CoreMotion.framework; sourceTree = DEVELOPER_DIR; };
/* End PBXFileReference section */

/* Begin PBXFrameworksBuildPhase section */
		1D60588F0D05DD3D006BFB54 /* Frameworks */ = {
			isa = PBXFrameworksBuildPhase;
			buildActionMask = 2147483647;
			files = (
				1AC6FB2E180E99EB004C840B /* libbox2d iOS.a in Frameworks */,
				1AC6FB2F180E99EB004C840B /* libchipmunk iOS.a in Frameworks */,
				1AC6FB30180E99EB004C840B /* libcocos2dx iOS.a in Frameworks */,
				1AC6FB31180E99EB004C840B /* libcocos2dx-extensions iOS.a in Frameworks */,
				1AC6FB32180E99EB004C840B /* libCocosDenshion iOS.a in Frameworks */,
				D6B0611B1803AB670077942B /* CoreMotion.framework in Frameworks */,
				1D60589F0D05DD5A006BFB54 /* Foundation.framework in Frameworks */,
				1DF5F4E00D08C38300B7A737 /* UIKit.framework in Frameworks */,
				288765A50DF7441C002DB57D /* CoreGraphics.framework in Frameworks */,
				BF171245129291EC00B8313A /* OpenGLES.framework in Frameworks */,
				BF1712471292920000B8313A /* libz.dylib in Frameworks */,
				BF1C47F01293687400B63C5D /* QuartzCore.framework in Frameworks */,
				D44C620C132DFF330009C878 /* OpenAL.framework in Frameworks */,
				D44C620E132DFF430009C878 /* AVFoundation.framework in Frameworks */,
				D44C6210132DFF4E0009C878 /* AudioToolbox.framework in Frameworks */,
			);
			runOnlyForDeploymentPostprocessing = 0;
		};
/* End PBXFrameworksBuildPhase section */

/* Begin PBXGroup section */
		080E96DDFE201D6D7F000001 /* ios */ = {
			isa = PBXGroup;
			children = (
				5087E77117EB970100C73F5D /* Icons */,
				503AE0FA17EB989F00D1A890 /* AppController.h */,
				503AE0FB17EB989F00D1A890 /* AppController.mm */,
				503AE0FC17EB989F00D1A890 /* main.m */,
				503AE0FD17EB989F00D1A890 /* Prefix.pch */,
				503AE0FE17EB989F00D1A890 /* RootViewController.h */,
				503AE0FF17EB989F00D1A890 /* RootViewController.mm */,
			);
			name = ios;
			path = Classes;
			sourceTree = "<group>";
		};
		15AA9C4015B7EC450033D6C2 /* Classes */ = {
			isa = PBXGroup;
			children = (
				B607D17F19875B67000AFA9C /* Controllers */,
				B607D17E19875B5F000AFA9C /* Scenes */,
				B607D17D19875B54000AFA9C /* Models */,
				B607D16C1985001A000AFA9C /* Helpers */,
				1AFAF8B316D35DE700DB1158 /* AppDelegate.cpp */,
				1AFAF8B416D35DE700DB1158 /* AppDelegate.h */,
			);
			name = Classes;
			path = ../classes;
			sourceTree = "<group>";
		};
		19C28FACFE9D520D11CA2CBB /* Products */ = {
			isa = PBXGroup;
			children = (
				1D6058910D05DD3D006BFB54 /* UniLife.app */,
			);
			name = Products;
			sourceTree = "<group>";
		};
		1AC6FAE6180E9839004C840B /* Products */ = {
			isa = PBXGroup;
			children = (
				1AC6FAF9180E9839004C840B /* libcocos2dx Mac.a */,
				1AC6FAFB180E9839004C840B /* libcocos2dx-extensions Mac.a */,
				1AC6FAFD180E9839004C840B /* libchipmunk Mac.a */,
				1AC6FAFF180E9839004C840B /* libbox2d Mac.a */,
				1AC6FB01180E9839004C840B /* libCocosDenshion Mac.a */,
				1AC6FB07180E9839004C840B /* libcocos2dx iOS.a */,
				1AC6FB09180E9839004C840B /* libcocos2dx-extensions iOS.a */,
				1AC6FB0B180E9839004C840B /* libchipmunk iOS.a */,
				1AC6FB0D180E9839004C840B /* libbox2d iOS.a */,
				1AC6FB0F180E9839004C840B /* libCocosDenshion iOS.a */,
			);
			name = Products;
			sourceTree = "<group>";
		};
		29B97314FDCFA39411CA2CEA /* CustomTemplate */ = {
			isa = PBXGroup;
			children = (
				D0DF70161999B77600C96742 /* icons */,
				1AC6FAE5180E9839004C840B /* cocos2d_libs.xcodeproj */,
				15AA9C4015B7EC450033D6C2 /* Classes */,
				29B97323FDCFA39411CA2CEA /* Frameworks */,
				080E96DDFE201D6D7F000001 /* ios */,
				503AE10617EB990700D1A890 /* mac */,
				19C28FACFE9D520D11CA2CBB /* Products */,
				78C7DDAA14EBA5050085D0C2 /* Resources */,
			);
			name = CustomTemplate;
			sourceTree = "<group>";
		};
		29B97323FDCFA39411CA2CEA /* Frameworks */ = {
			isa = PBXGroup;
			children = (
				D6B0611A1803AB670077942B /* CoreMotion.framework */,
				503AE11A17EB9C5A00D1A890 /* IOKit.framework */,
				503AE11117EB99EE00D1A890 /* libcurl.dylib */,
				5087E78A17EB975400C73F5D /* OpenGL.framework */,
				5087E78817EB974C00C73F5D /* AppKit.framework */,
				1ACB3243164770DE00914215 /* libcurl.a */,
				BF170DB412928DE900B8313A /* libz.dylib */,
				D44C620F132DFF4E0009C878 /* AudioToolbox.framework */,
				D44C620D132DFF430009C878 /* AVFoundation.framework */,
				288765A40DF7441C002DB57D /* CoreGraphics.framework */,
				1D30AB110D05D00D00671497 /* Foundation.framework */,
				D44C620B132DFF330009C878 /* OpenAL.framework */,
				BF170DB012928DE900B8313A /* OpenGLES.framework */,
				BF1C47EA1293683800B63C5D /* QuartzCore.framework */,
				1DF5F4DF0D08C38300B7A737 /* UIKit.framework */,
			);
			name = Frameworks;
			sourceTree = "<group>";
		};
		503AE0F517EB97AB00D1A890 /* Icons */ = {
			isa = PBXGroup;
			children = (
				503AE0F617EB97AB00D1A890 /* Icon.icns */,
				503AE0F717EB97AB00D1A890 /* Info.plist */,
			);
			name = Icons;
			path = mac;
			sourceTree = SOURCE_ROOT;
		};
		503AE10617EB990700D1A890 /* mac */ = {
			isa = PBXGroup;
			children = (
				503AE0F517EB97AB00D1A890 /* Icons */,
				503AE10317EB98FF00D1A890 /* main.cpp */,
				503AE10417EB98FF00D1A890 /* Prefix.pch */,
			);
			name = mac;
			sourceTree = "<group>";
		};
		5087E77117EB970100C73F5D /* Icons */ = {
			isa = PBXGroup;
			children = (
				5087E77C17EB970100C73F5D /* Info.plist */,
			);
			name = Icons;
			path = ios;
			sourceTree = SOURCE_ROOT;
		};
		78C7DDAA14EBA5050085D0C2 /* Resources */ = {
			isa = PBXGroup;
			children = (
				D0364305199C529200ECA5DA /* Bill */,
				D03642EE199C519300ECA5DA /* Map */,
				D03642C7199C2F5900ECA5DA /* Dorm */,
				D0DF703C1999E8B800C96742 /* Home-Options */,
				D0DF70171999B79000C96742 /* Home-Menu */,
				D0DF6FCB1999B13900C96742 /* Images.xcassets */,
			);
			name = Resources;
			path = ../Resources;
			sourceTree = "<group>";
		};
		B607D16C1985001A000AFA9C /* Helpers */ = {
			isa = PBXGroup;
			children = (
				D0DF70381999E80700C96742 /* SqlHelper */,
				D0DF70391999E80F00C96742 /* TimeHelper */,
			);
			name = Helpers;
			sourceTree = "<group>";
		};
		B607D17D19875B54000AFA9C /* Models */ = {
			isa = PBXGroup;
			children = (
				D0DF70371999E7EB00C96742 /* subjectBlockClassModel */,
				D0DF70351999E7D400C96742 /* timeTableClassModel */,
				D0DF70341999E7C800C96742 /* PlayerModel */,
				D0DF70361999E7E000C96742 /* PlayerStatsModel */,
			);
			name = Models;
			sourceTree = "<group>";
		};
		B607D17E19875B5F000AFA9C /* Scenes */ = {
			isa = PBXGroup;
			children = (
				D0DF70531999F73200C96742 /* MenuLoadScene */,
				D0DF703A1999E81B00C96742 /* MenuScene */,
				D0DF704A1999E92600C96742 /* MenuOptionScene */,
				D03642D9199C305E00ECA5DA /* DormScene */,
				D03642E9199C4DEF00ECA5DA /* MapScene */,
			);
			name = Scenes;
			sourceTree = "<group>";
		};
		B607D17F19875B67000AFA9C /* Controllers */ = {
			isa = PBXGroup;
			children = (
				D0DF704F1999F69E00C96742 /* MenuLoadController */,
				D0DF703B1999E82400C96742 /* MenuController */,
				D0DF704E1999ED9A00C96742 /* MenuOptionController */,
				D03642DD199C31E000ECA5DA /* DormController */,
				D03642ED199C4E1B00ECA5DA /* MapController */,
			);
			name = Controllers;
			sourceTree = "<group>";
		};
		D03642C7199C2F5900ECA5DA /* Dorm */ = {
			isa = PBXGroup;
			children = (
				D03642C8199C2FB700ECA5DA /* dorm-background.png */,
				D03642C9199C2FB700ECA5DA /* dorm-bed.png */,
				D03642CA199C2FB700ECA5DA /* dorm-book_shelf.png */,
				D03642CB199C2FB700ECA5DA /* dorm-computer.png */,
				D03642CC199C2FB700ECA5DA /* dorm-desk.png */,
				D03642CD199C2FB700ECA5DA /* dorm-door.png */,
				D03642CE199C2FB700ECA5DA /* dorm-stool.png */,
			);
			name = Dorm;
			sourceTree = "<group>";
		};
		D03642D9199C305E00ECA5DA /* DormScene */ = {
			isa = PBXGroup;
			children = (
				D03642D6199C304E00ECA5DA /* DormScene.h */,
				D03642D7199C305900ECA5DA /* DormScene.cpp */,
			);
			name = DormScene;
			sourceTree = "<group>";
		};
		D03642DD199C31E000ECA5DA /* DormController */ = {
			isa = PBXGroup;
			children = (
				D03642DA199C31D100ECA5DA /* DormController.h */,
				D03642DB199C31DB00ECA5DA /* DormController.cpp */,
			);
			name = DormController;
			sourceTree = "<group>";
		};
		D03642E9199C4DEF00ECA5DA /* MapScene */ = {
			isa = PBXGroup;
			children = (
				D03642DF199C4DD700ECA5DA /* MapScene.h */,
				D03642E7199C4DE100ECA5DA /* MapScene.cpp */,
			);
			name = MapScene;
			sourceTree = "<group>";
		};
		D03642ED199C4E1B00ECA5DA /* MapController */ = {
			isa = PBXGroup;
			children = (
				D03642EA199C4E0300ECA5DA /* MapController.h */,
				D03642EB199C4E1400ECA5DA /* MapController.cpp */,
			);
			name = MapController;
			sourceTree = "<group>";
		};
		D03642EE199C519300ECA5DA /* Map */ = {
			isa = PBXGroup;
			children = (
				D03642EF199C51A500ECA5DA /* map-art.png */,
				D03642F0199C51A500ECA5DA /* map-business.png */,
				D03642F1199C51A500ECA5DA /* map-computing_engineering.png */,
				D03642F2199C51A500ECA5DA /* map-library.png */,
				D03642F3199C51A500ECA5DA /* map_background.png */,
				D03642F4199C51A500ECA5DA /* map-science_medicine.png */,
				D03642F5199C51A500ECA5DA /* map-shop.png */,
				D03642F6199C51A500ECA5DA /* map-social_science.png */,
				D03642F7199C51A500ECA5DA /* map-sun.png */,
				D03642F8199C51A500ECA5DA /* map-tavern.png */,
				D03642F9199C51A500ECA5DA /* map-uni_centre.png */,
			);
			name = Map;
			sourceTree = "<group>";
		};
		D0364305199C529200ECA5DA /* Bill */ = {
			isa = PBXGroup;
			children = (
				D0364306199C52A000ECA5DA /* bill_inside.png */,
				D0364307199C52A000ECA5DA /* bill_outside.png */,
			);
			name = Bill;
			sourceTree = "<group>";
		};
		D0DF70161999B77600C96742 /* icons */ = {
			isa = PBXGroup;
			children = (
				D03642BF199C290B00ECA5DA /* AppIcon60x60@2x[1].png */,
				D03642C0199C290B00ECA5DA /* Icon-57.png */,
				D03642C1199C290B00ECA5DA /* Icon-57@2x.png */,
				D03642C2199C290B00ECA5DA /* Icon-57@2x~iphone.png */,
			);
			name = icons;
			sourceTree = "<group>";
		};
		D0DF70171999B79000C96742 /* Home-Menu */ = {
			isa = PBXGroup;
			children = (
				D03642AF199C288600ECA5DA /* background.png */,
				D03642B0199C288600ECA5DA /* load_game_off.png */,
				D03642B1199C288600ECA5DA /* load_game_on.png */,
				D03642B2199C288600ECA5DA /* new_game_off.png */,
				D03642B3199C288600ECA5DA /* new_game_on.png */,
				D03642B4199C288600ECA5DA /* options_off.png */,
				D03642B5199C288600ECA5DA /* options_on.png */,
				D03642B6199C288600ECA5DA /* title.png */,
			);
			name = "Home-Menu";
			sourceTree = "<group>";
		};
		D0DF70341999E7C800C96742 /* PlayerModel */ = {
			isa = PBXGroup;
			children = (
				B607D18119875BE7000AFA9C /* PlayerModel.cpp */,
				B607D18019875BD3000AFA9C /* PlayerModel.h */,
			);
			name = PlayerModel;
			sourceTree = "<group>";
		};
		D0DF70351999E7D400C96742 /* timeTableClassModel */ = {
			isa = PBXGroup;
			children = (
				B6A84C5619920E5600339B0B /* timeTableClassModel.cpp */,
				B6A84C5719920E5600339B0B /* timeTableClassModel.h */,
			);
			name = timeTableClassModel;
			sourceTree = "<group>";
		};
		D0DF70361999E7E000C96742 /* PlayerStatsModel */ = {
			isa = PBXGroup;
			children = (
				B607D18419875EF8000AFA9C /* PlayerStatsModel.cpp */,
				B607D18319875EEB000AFA9C /* PlayerStatsModel.h */,
			);
			name = PlayerStatsModel;
			sourceTree = "<group>";
		};
		D0DF70371999E7EB00C96742 /* subjectBlockClassModel */ = {
			isa = PBXGroup;
			children = (
				B6A84C5419920E5600339B0B /* subjectBlockClassModel.cpp */,
				B6A84C5519920E5600339B0B /* subjectBlockClassModel.h */,
			);
			name = subjectBlockClassModel;
			sourceTree = "<group>";
		};
		D0DF70381999E80700C96742 /* SqlHelper */ = {
			isa = PBXGroup;
			children = (
				B9AC20851990D9FC0067A5FE /* sqlite3.c */,
				B9AC208E1990DA020067A5FE /* sqlite3.h */,
				B607D1861987660F000AFA9C /* SqlHelper.h */,
				B607D1871987661B000AFA9C /* SqlHelper.cpp */,
			);
			name = SqlHelper;
			sourceTree = "<group>";
		};
		D0DF70391999E80F00C96742 /* TimeHelper */ = {
			isa = PBXGroup;
			children = (
				B607D18919878BBE000AFA9C /* TimeHelper.h */,
				B607D18A19878BCA000AFA9C /* TimeHelper.cpp */,
			);
			name = TimeHelper;
			sourceTree = "<group>";
		};
		D0DF703A1999E81B00C96742 /* MenuScene */ = {
			isa = PBXGroup;
			children = (
				1AFAF8B516D35DE700DB1158 /* MenuScene.cpp */,
				1AFAF8B616D35DE700DB1158 /* MenuScene.h */,
			);
			name = MenuScene;
			sourceTree = "<group>";
		};
		D0DF703B1999E82400C96742 /* MenuController */ = {
			isa = PBXGroup;
			children = (
				D0DF70301999DFAC00C96742 /* MenuController.h */,
				D0DF70311999DFB900C96742 /* MenuController.cpp */,
			);
			name = MenuController;
			sourceTree = "<group>";
		};
		D0DF703C1999E8B800C96742 /* Home-Options */ = {
			isa = PBXGroup;
			children = (
				D0364295199C285000ECA5DA /* options-back.png */,
				D0364296199C285000ECA5DA /* options-bg.png */,
				D0364297199C285000ECA5DA /* options-border.png */,
				D0364298199C285000ECA5DA /* options-title.png */,
				D0364299199C285000ECA5DA /* slider.png */,
			);
			name = "Home-Options";
			sourceTree = "<group>";
		};
		D0DF704A1999E92600C96742 /* MenuOptionScene */ = {
			isa = PBXGroup;
			children = (
				D0DF70471999E91400C96742 /* MenuOptionScene.h */,
				D0DF70481999E92200C96742 /* MenuOptionScene.cpp */,
			);
			name = MenuOptionScene;
			sourceTree = "<group>";
		};
		D0DF704E1999ED9A00C96742 /* MenuOptionController */ = {
			isa = PBXGroup;
			children = (
				D0DF704B1999ED8700C96742 /* MenuOptionController.h */,
				D0DF704C1999ED9600C96742 /* MenuOptionController.cpp */,
			);
			name = MenuOptionController;
			sourceTree = "<group>";
		};
		D0DF704F1999F69E00C96742 /* MenuLoadController */ = {
			isa = PBXGroup;
			children = (
				D0DF70501999F6B300C96742 /* MenuLoadController.h */,
				D0DF70511999F6BD00C96742 /* MenuLoadController.cpp */,
			);
			name = MenuLoadController;
			sourceTree = "<group>";
		};
		D0DF70531999F73200C96742 /* MenuLoadScene */ = {
			isa = PBXGroup;
			children = (
				D0DF70541999F73F00C96742 /* MenuLoadScene.h */,
				D0DF70551999F74800C96742 /* MenuLoadScene.cpp */,
			);
			name = MenuLoadScene;
			sourceTree = "<group>";
		};
/* End PBXGroup section */

/* Begin PBXNativeTarget section */
		1D6058900D05DD3D006BFB54 /* UniLife */ = {
			isa = PBXNativeTarget;
			buildConfigurationList = 1D6058960D05DD3E006BFB54 /* Build configuration list for PBXNativeTarget "UniLife" */;
			buildPhases = (
				1D60588D0D05DD3D006BFB54 /* Resources */,
				1D60588E0D05DD3D006BFB54 /* Sources */,
				1D60588F0D05DD3D006BFB54 /* Frameworks */,
			);
			buildRules = (
			);
			dependencies = (
				1AC6FB25180E99E1004C840B /* PBXTargetDependency */,
				1AC6FB27180E99E1004C840B /* PBXTargetDependency */,
				1AC6FB29180E99E1004C840B /* PBXTargetDependency */,
				1AC6FB2B180E99E1004C840B /* PBXTargetDependency */,
				1AC6FB2D180E99E1004C840B /* PBXTargetDependency */,
			);
			name = UniLife;
			productName = iphone;
			productReference = 1D6058910D05DD3D006BFB54 /* UniLife.app */;
			productType = "com.apple.product-type.application";
		};
/* End PBXNativeTarget section */

/* Begin PBXProject section */
		29B97313FDCFA39411CA2CEA /* Project object */ = {
			isa = PBXProject;
			attributes = {
				LastUpgradeCheck = 0510;
				TargetAttributes = {
					1D6058900D05DD3D006BFB54 = {
						DevelopmentTeam = 5R64B2P9EG;
					};
				};
			};
			buildConfigurationList = C01FCF4E08A954540054247B /* Build configuration list for PBXProject "UniLife" */;
			compatibilityVersion = "Xcode 3.2";
			developmentRegion = English;
			hasScannedForEncodings = 1;
			knownRegions = (
				English,
				Japanese,
				French,
				German,
			);
			mainGroup = 29B97314FDCFA39411CA2CEA /* CustomTemplate */;
			projectDirPath = "";
			projectReferences = (
				{
					ProductGroup = 1AC6FAE6180E9839004C840B /* Products */;
					ProjectRef = 1AC6FAE5180E9839004C840B /* cocos2d_libs.xcodeproj */;
				},
			);
			projectRoot = "";
			targets = (
				1D6058900D05DD3D006BFB54 /* UniLife */,
			);
		};
/* End PBXProject section */

/* Begin PBXReferenceProxy section */
		1AC6FAF9180E9839004C840B /* libcocos2dx Mac.a */ = {
			isa = PBXReferenceProxy;
			fileType = archive.ar;
			path = "libcocos2dx Mac.a";
			remoteRef = 1AC6FAF8180E9839004C840B /* PBXContainerItemProxy */;
			sourceTree = BUILT_PRODUCTS_DIR;
		};
		1AC6FAFB180E9839004C840B /* libcocos2dx-extensions Mac.a */ = {
			isa = PBXReferenceProxy;
			fileType = archive.ar;
			path = "libcocos2dx-extensions Mac.a";
			remoteRef = 1AC6FAFA180E9839004C840B /* PBXContainerItemProxy */;
			sourceTree = BUILT_PRODUCTS_DIR;
		};
		1AC6FAFD180E9839004C840B /* libchipmunk Mac.a */ = {
			isa = PBXReferenceProxy;
			fileType = archive.ar;
			path = "libchipmunk Mac.a";
			remoteRef = 1AC6FAFC180E9839004C840B /* PBXContainerItemProxy */;
			sourceTree = BUILT_PRODUCTS_DIR;
		};
		1AC6FAFF180E9839004C840B /* libbox2d Mac.a */ = {
			isa = PBXReferenceProxy;
			fileType = archive.ar;
			path = "libbox2d Mac.a";
			remoteRef = 1AC6FAFE180E9839004C840B /* PBXContainerItemProxy */;
			sourceTree = BUILT_PRODUCTS_DIR;
		};
		1AC6FB01180E9839004C840B /* libCocosDenshion Mac.a */ = {
			isa = PBXReferenceProxy;
			fileType = archive.ar;
			path = "libCocosDenshion Mac.a";
			remoteRef = 1AC6FB00180E9839004C840B /* PBXContainerItemProxy */;
			sourceTree = BUILT_PRODUCTS_DIR;
		};
		1AC6FB07180E9839004C840B /* libcocos2dx iOS.a */ = {
			isa = PBXReferenceProxy;
			fileType = archive.ar;
			path = "libcocos2dx iOS.a";
			remoteRef = 1AC6FB06180E9839004C840B /* PBXContainerItemProxy */;
			sourceTree = BUILT_PRODUCTS_DIR;
		};
		1AC6FB09180E9839004C840B /* libcocos2dx-extensions iOS.a */ = {
			isa = PBXReferenceProxy;
			fileType = archive.ar;
			path = "libcocos2dx-extensions iOS.a";
			remoteRef = 1AC6FB08180E9839004C840B /* PBXContainerItemProxy */;
			sourceTree = BUILT_PRODUCTS_DIR;
		};
		1AC6FB0B180E9839004C840B /* libchipmunk iOS.a */ = {
			isa = PBXReferenceProxy;
			fileType = archive.ar;
			path = "libchipmunk iOS.a";
			remoteRef = 1AC6FB0A180E9839004C840B /* PBXContainerItemProxy */;
			sourceTree = BUILT_PRODUCTS_DIR;
		};
		1AC6FB0D180E9839004C840B /* libbox2d iOS.a */ = {
			isa = PBXReferenceProxy;
			fileType = archive.ar;
			path = "libbox2d iOS.a";
			remoteRef = 1AC6FB0C180E9839004C840B /* PBXContainerItemProxy */;
			sourceTree = BUILT_PRODUCTS_DIR;
		};
		1AC6FB0F180E9839004C840B /* libCocosDenshion iOS.a */ = {
			isa = PBXReferenceProxy;
			fileType = archive.ar;
			path = "libCocosDenshion iOS.a";
			remoteRef = 1AC6FB0E180E9839004C840B /* PBXContainerItemProxy */;
			sourceTree = BUILT_PRODUCTS_DIR;
		};
/* End PBXReferenceProxy section */

/* Begin PBXResourcesBuildPhase section */
		1D60588D0D05DD3D006BFB54 /* Resources */ = {
			isa = PBXResourcesBuildPhase;
			buildActionMask = 2147483647;
			files = (
				D03642FC199C51A500ECA5DA /* map-computing_engineering.png in Resources */,
				D0364304199C51A500ECA5DA /* map-uni_centre.png in Resources */,
				D03642C4199C290B00ECA5DA /* Icon-57.png in Resources */,
				D0DF6FCC1999B13900C96742 /* Images.xcassets in Resources */,
				D03642BB199C288600ECA5DA /* new_game_on.png in Resources */,
				D03642B7199C288600ECA5DA /* background.png in Resources */,
				D03642BC199C288600ECA5DA /* options_off.png in Resources */,
				D0364301199C51A500ECA5DA /* map-social_science.png in Resources */,
				D03642B9199C288600ECA5DA /* load_game_on.png in Resources */,
				D03642C3199C290B00ECA5DA /* AppIcon60x60@2x[1].png in Resources */,
				D036429D199C285000ECA5DA /* options-title.png in Resources */,
				D0364308199C52A000ECA5DA /* bill_inside.png in Resources */,
				D03642CF199C2FB700ECA5DA /* dorm-background.png in Resources */,
				D036429C199C285000ECA5DA /* options-border.png in Resources */,
				D03642FB199C51A500ECA5DA /* map-business.png in Resources */,
				D03642BD199C288600ECA5DA /* options_on.png in Resources */,
				D03642FD199C51A500ECA5DA /* map-library.png in Resources */,
				D03642C5199C290B00ECA5DA /* Icon-57@2x.png in Resources */,
				D03642BA199C288600ECA5DA /* new_game_off.png in Resources */,
				D03642D0199C2FB700ECA5DA /* dorm-bed.png in Resources */,
				D03642B8199C288600ECA5DA /* load_game_off.png in Resources */,
				D03642FF199C51A500ECA5DA /* map-science_medicine.png in Resources */,
				D0364302199C51A500ECA5DA /* map-sun.png in Resources */,
				D03642D3199C2FB700ECA5DA /* dorm-desk.png in Resources */,
				D036429E199C285000ECA5DA /* slider.png in Resources */,
				D0364303199C51A500ECA5DA /* map-tavern.png in Resources */,
				D0364309199C52A000ECA5DA /* bill_outside.png in Resources */,
				D0364300199C51A500ECA5DA /* map-shop.png in Resources */,
				D036429A199C285000ECA5DA /* options-back.png in Resources */,
				D03642D1199C2FB700ECA5DA /* dorm-book_shelf.png in Resources */,
				D03642D4199C2FB700ECA5DA /* dorm-door.png in Resources */,
				D03642D2199C2FB700ECA5DA /* dorm-computer.png in Resources */,
				D03642C6199C290B00ECA5DA /* Icon-57@2x~iphone.png in Resources */,
				D036429B199C285000ECA5DA /* options-bg.png in Resources */,
				D03642D5199C2FB700ECA5DA /* dorm-stool.png in Resources */,
				D03642BE199C288600ECA5DA /* title.png in Resources */,
				D03642FE199C51A500ECA5DA /* map_background.png in Resources */,
				D03642FA199C51A500ECA5DA /* map-art.png in Resources */,
			);
			runOnlyForDeploymentPostprocessing = 0;
		};
/* End PBXResourcesBuildPhase section */

/* Begin PBXSourcesBuildPhase section */
		1D60588E0D05DD3D006BFB54 /* Sources */ = {
			isa = PBXSourcesBuildPhase;
			buildActionMask = 2147483647;
			files = (
				D03642DC199C31DB00ECA5DA /* DormController.cpp in Sources */,
				D0DF70521999F6BD00C96742 /* MenuLoadController.cpp in Sources */,
				503AE10017EB989F00D1A890 /* AppController.mm in Sources */,
				B607D18519875EF8000AFA9C /* PlayerStatsModel.cpp in Sources */,
				503AE10217EB989F00D1A890 /* RootViewController.mm in Sources */,
				D03642E8199C4DE100ECA5DA /* MapScene.cpp in Sources */,
				D0DF70321999DFB900C96742 /* MenuController.cpp in Sources */,
				B607D18B19878BCA000AFA9C /* TimeHelper.cpp in Sources */,
				1AFAF8B716D35DE700DB1158 /* AppDelegate.cpp in Sources */,
				D0DF70491999E92200C96742 /* MenuOptionScene.cpp in Sources */,
				503AE10117EB989F00D1A890 /* main.m in Sources */,
				D0DF704D1999ED9600C96742 /* MenuOptionController.cpp in Sources */,
				D03642EC199C4E1400ECA5DA /* MapController.cpp in Sources */,
				B6A84C5919920E5600339B0B /* timeTableClassModel.cpp in Sources */,
				1AFAF8B816D35DE700DB1158 /* MenuScene.cpp in Sources */,
				D0DF70561999F74800C96742 /* MenuLoadScene.cpp in Sources */,
				B607D18219875BE7000AFA9C /* PlayerModel.cpp in Sources */,
				B9AC20861990D9FC0067A5FE /* sqlite3.c in Sources */,
				B607D1881987661B000AFA9C /* SqlHelper.cpp in Sources */,
				D03642D8199C305900ECA5DA /* DormScene.cpp in Sources */,
				B6A84C5819920E5600339B0B /* subjectBlockClassModel.cpp in Sources */,
			);
			runOnlyForDeploymentPostprocessing = 0;
		};
/* End PBXSourcesBuildPhase section */

/* Begin PBXTargetDependency section */
		1AC6FB25180E99E1004C840B /* PBXTargetDependency */ = {
			isa = PBXTargetDependency;
			name = "cocos2dx iOS";
			targetProxy = 1AC6FB24180E99E1004C840B /* PBXContainerItemProxy */;
		};
		1AC6FB27180E99E1004C840B /* PBXTargetDependency */ = {
			isa = PBXTargetDependency;
			name = "cocos2dx-extensions iOS";
			targetProxy = 1AC6FB26180E99E1004C840B /* PBXContainerItemProxy */;
		};
		1AC6FB29180E99E1004C840B /* PBXTargetDependency */ = {
			isa = PBXTargetDependency;
			name = "chipmunk iOS";
			targetProxy = 1AC6FB28180E99E1004C840B /* PBXContainerItemProxy */;
		};
		1AC6FB2B180E99E1004C840B /* PBXTargetDependency */ = {
			isa = PBXTargetDependency;
			name = "box2d iOS";
			targetProxy = 1AC6FB2A180E99E1004C840B /* PBXContainerItemProxy */;
		};
		1AC6FB2D180E99E1004C840B /* PBXTargetDependency */ = {
			isa = PBXTargetDependency;
			name = "CocosDenshion iOS";
			targetProxy = 1AC6FB2C180E99E1004C840B /* PBXContainerItemProxy */;
		};
/* End PBXTargetDependency section */

/* Begin XCBuildConfiguration section */
		1D6058940D05DD3E006BFB54 /* Debug */ = {
			isa = XCBuildConfiguration;
			buildSettings = {
				ALWAYS_SEARCH_USER_PATHS = YES;
				ASSETCATALOG_COMPILER_LAUNCHIMAGE_NAME = LaunchImage;
				CODE_SIGN_IDENTITY = "iPhone Developer";
				"CODE_SIGN_IDENTITY[sdk=iphoneos*]" = "iPhone Developer";
				COMPRESS_PNG_FILES = NO;
				GCC_DYNAMIC_NO_PIC = NO;
				GCC_INLINES_ARE_PRIVATE_EXTERN = NO;
				GCC_PRECOMPILE_PREFIX_HEADER = YES;
				GCC_PREFIX_HEADER = ios/Prefix.pch;
				GCC_PREPROCESSOR_DEFINITIONS = (
					USE_FILE32API,
					CC_TARGET_OS_IPHONE,
					"COCOS2D_DEBUG=1",
					"CC_ENABLE_CHIPMUNK_INTEGRATION=1",
				);
				GCC_SYMBOLS_PRIVATE_EXTERN = NO;
				HEADER_SEARCH_PATHS = (
					"$(inherited)",
					"$(SRCROOT)/../cocos2d/cocos/platform/ios",
					"$(SRCROOT)/../cocos2d/cocos/platform/ios/Simulation",
				);
				INFOPLIST_FILE = ios/Info.plist;
				IPHONEOS_DEPLOYMENT_TARGET = 5.0;
				LIBRARY_SEARCH_PATHS = "";
				PROVISIONING_PROFILE = "";
				SDKROOT = iphoneos;
				TARGETED_DEVICE_FAMILY = "1,2";
				USER_HEADER_SEARCH_PATHS = "";
			};
			name = Debug;
		};
		1D6058950D05DD3E006BFB54 /* Release */ = {
			isa = XCBuildConfiguration;
			buildSettings = {
				ALWAYS_SEARCH_USER_PATHS = YES;
				ASSETCATALOG_COMPILER_LAUNCHIMAGE_NAME = LaunchImage;
				CODE_SIGN_IDENTITY = "iPhone Developer";
				"CODE_SIGN_IDENTITY[sdk=iphoneos*]" = "iPhone Developer";
				COMPRESS_PNG_FILES = NO;
				GCC_INLINES_ARE_PRIVATE_EXTERN = NO;
				GCC_PRECOMPILE_PREFIX_HEADER = YES;
				GCC_PREFIX_HEADER = ios/Prefix.pch;
				GCC_PREPROCESSOR_DEFINITIONS = (
					USE_FILE32API,
					CC_TARGET_OS_IPHONE,
					"CC_ENABLE_CHIPMUNK_INTEGRATION=1",
				);
				GCC_SYMBOLS_PRIVATE_EXTERN = NO;
				HEADER_SEARCH_PATHS = (
					"$(inherited)",
					"$(SRCROOT)/../cocos2d/cocos/platform/ios",
					"$(SRCROOT)/../cocos2d/cocos/platform/ios/Simulation",
				);
				INFOPLIST_FILE = ios/Info.plist;
				IPHONEOS_DEPLOYMENT_TARGET = 5.0;
				LIBRARY_SEARCH_PATHS = "";
				PROVISIONING_PROFILE = "";
				SDKROOT = iphoneos;
				TARGETED_DEVICE_FAMILY = "1,2";
				USER_HEADER_SEARCH_PATHS = "";
			};
			name = Release;
		};
		C01FCF4F08A954540054247B /* Debug */ = {
			isa = XCBuildConfiguration;
			buildSettings = {
				CLANG_CXX_LANGUAGE_STANDARD = "c++0x";
				CLANG_CXX_LIBRARY = "libc++";
				COPY_PHASE_STRIP = NO;
				GCC_OPTIMIZATION_LEVEL = 0;
				GCC_WARN_ABOUT_RETURN_TYPE = YES;
				GCC_WARN_UNUSED_VARIABLE = YES;
				HEADER_SEARCH_PATHS = (
					"$(SRCROOT)/../cocos2d",
					"$(SRCROOT)/../cocos2d/cocos",
					"$(SRCROOT)/../cocos2d/cocos/base",
					"$(SRCROOT)/../cocos2d/cocos/physics",
					"$(SRCROOT)/../cocos2d/cocos/math",
					"$(SRCROOT)/../cocos2d/cocos/2d",
					"$(SRCROOT)/../cocos2d/cocos/ui",
					"$(SRCROOT)/../cocos2d/cocos/network",
					"$(SRCROOT)/../cocos2d/cocos/audio/include",
					"$(SRCROOT)/../cocos2d/cocos/editor-support",
					"$(SRCROOT)/../cocos2d/extensions",
					"$(SRCROOT)/../cocos2d/external",
					"$(SRCROOT)/../cocos2d/external/chipmunk/include/chipmunk",
				);
				MACOSX_DEPLOYMENT_TARGET = 10.7;
				ONLY_ACTIVE_ARCH = YES;
				PRODUCT_NAME = "$(TARGET_NAME)";
				SDKROOT = macosx;
			};
			name = Debug;
		};
		C01FCF5008A954540054247B /* Release */ = {
			isa = XCBuildConfiguration;
			buildSettings = {
				CLANG_CXX_LANGUAGE_STANDARD = "c++0x";
				CLANG_CXX_LIBRARY = "libc++";
				GCC_WARN_ABOUT_RETURN_TYPE = YES;
				GCC_WARN_UNUSED_VARIABLE = YES;
				HEADER_SEARCH_PATHS = (
					"$(SRCROOT)/../cocos2d",
					"$(SRCROOT)/../cocos2d/cocos",
					"$(SRCROOT)/../cocos2d/cocos/base",
					"$(SRCROOT)/../cocos2d/cocos/physics",
					"$(SRCROOT)/../cocos2d/cocos/math",
					"$(SRCROOT)/../cocos2d/cocos/2d",
					"$(SRCROOT)/../cocos2d/cocos/ui",
					"$(SRCROOT)/../cocos2d/cocos/network",
					"$(SRCROOT)/../cocos2d/cocos/audio/include",
					"$(SRCROOT)/../cocos2d/cocos/editor-support",
					"$(SRCROOT)/../cocos2d/extensions",
					"$(SRCROOT)/../cocos2d/external",
					"$(SRCROOT)/../cocos2d/external/chipmunk/include/chipmunk",
				);
				MACOSX_DEPLOYMENT_TARGET = 10.7;
				OTHER_CFLAGS = "-DNS_BLOCK_ASSERTIONS=1";
				PRODUCT_NAME = "$(TARGET_NAME)";
				SDKROOT = macosx;
				VALIDATE_PRODUCT = YES;
			};
			name = Release;
		};
/* End XCBuildConfiguration section */

/* Begin XCConfigurationList section */
		1D6058960D05DD3E006BFB54 /* Build configuration list for PBXNativeTarget "UniLife" */ = {
			isa = XCConfigurationList;
			buildConfigurations = (
				1D6058940D05DD3E006BFB54 /* Debug */,
				1D6058950D05DD3E006BFB54 /* Release */,
			);
			defaultConfigurationIsVisible = 0;
			defaultConfigurationName = Debug;
		};
		C01FCF4E08A954540054247B /* Build configuration list for PBXProject "UniLife" */ = {
			isa = XCConfigurationList;
			buildConfigurations = (
				C01FCF4F08A954540054247B /* Debug */,
				C01FCF5008A954540054247B /* Release */,
			);
			defaultConfigurationIsVisible = 0;
			defaultConfigurationName = Debug;
		};
/* End XCConfigurationList section */
	};
	rootObject = 29B97313FDCFA39411CA2CEA /* Project object */;
}
